
Microsoft Visual Studio Solution File, Format Version 12.00
# Visual Studio Version 16
VisualStudioVersion = 16.0.31424.327
MinimumVisualStudioVersion = 10.0.40219.1
Project("{FAE04EC0-301F-11D3-BF4B-00C04F79EFBC}") = "TestePleno", "TestePleno\TestePleno.csproj", "{C1C32D2A-980B-4581-99AC-1839ACF921AA}"
EndProject
Global
	GlobalSection(SolutionConfigurationPlatforms) = preSolution
		Debug|Any CPU = Debug|Any CPU
		Release|Any CPU = Release|Any CPU
	EndGlobalSection
	GlobalSection(ProjectConfigurationPlatforms) = postSolution
		{C1C32D2A-980B-4581-99AC-1839ACF921AA}.Debug|Any CPU.ActiveCfg = Debug|Any CPU
		{C1C32D2A-980B-4581-99AC-1839ACF921AA}.Debug|Any CPU.Build.0 = Debug|Any CPU
		{C1C32D2A-980B-4581-99AC-1839ACF921AA}.Release|Any CPU.ActiveCfg = Release|Any CPU
		{C1C32D2A-980B-4581-99AC-1839ACF921AA}.Release|Any CPU.Build.0 = Release|Any CPU
	EndGlobalSection
	GlobalSection(SolutionProperties) = preSolution
		HideSolutionNode = FALSE
	EndGlobalSection
	GlobalSection(ExtensibilityGlobals) = postSolution
		SolutionGuid = {B26B05B5-4E46-4798-BADC-8B22EB5B68BC}
	EndGlobalSection
EndGlobal
